<?xml version="1.0" encoding="utf-8"?>
<Project ToolsVersion="4.0" xmlns="http://schemas.microsoft.com/developer/msbuild/2003">
  <ItemGroup>
    <ClCompile Include="Ts_AcqImgFinger.cpp" />
    <ClCompile Include="Ts_AcqImgNoFinger.cpp" />
    <ClCompile Include="Ts_Calibrate.cpp" />
    <ClCompile Include="Syn_FingerprintTest.cpp" />
    <ClCompile Include="Syn_MetallicaModule.cpp" />
    <ClCompile Include="Syn_Module.cpp" />
    <ClCompile Include="Syn_TestStepFactory.cpp" />
    <ClCompile Include="Syn_ViperModule.cpp" />
    <ClCompile Include="Ts_DRdyTest.cpp" />
    <ClCompile Include="Ts_ConsecutivePixels.cpp" />
    <ClCompile Include="Ts_FlooredPixelsTest.cpp" />
    <ClCompile Include="Ts_Imperfections.cpp" />
    <ClCompile Include="Ts_OTPCheck.cpp" />
    <ClCompile Include="Ts_PeggedPixelsTest.cpp" />
    <ClCompile Include="Ts_PixelTest.cpp" />
    <ClCompile Include="Ts_SharpnessTest.cpp" />
    <ClCompile Include="Ts_SNRTest.cpp" />
    <ClCompile Include="Ts_InitializationStep.cpp" />
  </ItemGroup>
  <ItemGroup>
    <ClInclude Include="Ts_AcqImgFinger.h" />
    <ClInclude Include="Ts_AcqImgNoFinger.h" />
    <ClInclude Include="Ts_Calibrate.h" />
    <ClInclude Include="Syn_FingerprintTest.h" />
    <ClInclude Include="Syn_MetallicaModule.h" />
    <ClInclude Include="Syn_Module.h" />
    <ClInclude Include="Syn_TestStep.h" />
    <ClInclude Include="Syn_TestStepFactory.h" />
    <ClInclude Include="Syn_ViperModule.h" />
    <ClInclude Include="Ts_DRdyTest.h" />
    <ClInclude Include="Ts_ConsecutivePixels.h" />
    <ClInclude Include="Ts_FlooredPixelsTest.h" />
    <ClInclude Include="Ts_Imperfections.h" />
    <ClInclude Include="Ts_OTPCheck.h" />
    <ClInclude Include="Ts_PeggedPixelsTest.h" />
    <ClInclude Include="Ts_PixelTest.h" />
    <ClInclude Include="Ts_SharpnessTest.h" />
    <ClInclude Include="Ts_SNRTest.h" />
    <ClInclude Include="Ts_InitializationStep.h" />
  </ItemGroup>
</Project>