<?xml version="1.0" encoding="utf-8"?>
<Project ToolsVersion="4.0" xmlns="http://schemas.microsoft.com/developer/msbuild/2003">
  <ItemGroup>
    <Filter Include="Source Files">
      <UniqueIdentifier>{4FC737F1-C7A5-4376-A066-2A32D752A2FF}</UniqueIdentifier>
      <Extensions>cpp;c;cc;cxx;def;odl;idl;hpj;bat;asm;asmx</Extensions>
    </Filter>
    <Filter Include="Header Files">
      <UniqueIdentifier>{93995380-89BD-4b04-88EB-625FBE52EBFB}</UniqueIdentifier>
      <Extensions>h;hh;hpp;hxx;hm;inl;inc;xsd</Extensions>
    </Filter>
    <Filter Include="Resource Files">
      <UniqueIdentifier>{67DA6AB6-F800-4c08-8B7A-83BB121AAD01}</UniqueIdentifier>
      <Extensions>rc;ico;cur;bmp;dlg;rc2;rct;bin;rgs;gif;jpg;jpeg;jpe;resx;tiff;tif;png;wav;mfcribbon-ms</Extensions>
    </Filter>
  </ItemGroup>
  <ItemGroup>
    <Text Include="ReadMe.txt" />
  </ItemGroup>
  <ItemGroup>
    <ClInclude Include="Syn_Dut.h">
      <Filter>Header Files</Filter>
    </ClInclude>
    <ClInclude Include="Syn_Viper.h">
      <Filter>Header Files</Filter>
    </ClInclude>
    <ClInclude Include="Syn_Viper1.h">
      <Filter>Header Files</Filter>
    </ClInclude>
    <ClInclude Include="Syn_Viper2.h">
      <Filter>Header Files</Filter>
    </ClInclude>
    <ClInclude Include="Syn_Metallica.h">
      <Filter>Header Files</Filter>
    </ClInclude>
    <ClInclude Include="Syn_BinCodes.h">
      <Filter>Header Files</Filter>
    </ClInclude>
    <ClInclude Include="Syn_DutCtrl.h">
      <Filter>Header Files</Filter>
    </ClInclude>
    <ClInclude Include="Syn_SPCCtrl.h">
      <Filter>Header Files</Filter>
    </ClInclude>
    <ClInclude Include="Syn_MPC04Ctrl.h">
      <Filter>Header Files</Filter>
    </ClInclude>
    <ClInclude Include="Syn_Config.h">
      <Filter>Header Files</Filter>
    </ClInclude>
    <ClInclude Include="Syn_Site.h">
      <Filter>Header Files</Filter>
    </ClInclude>
    <ClInclude Include="Syn_Exception.h">
      <Filter>Header Files</Filter>
    </ClInclude>
    <ClInclude Include="Syn_Vcsfw.h">
      <Filter>Header Files</Filter>
    </ClInclude>
  </ItemGroup>
  <ItemGroup>
    <ClCompile Include="Syn_Dut.cpp">
      <Filter>Source Files</Filter>
    </ClCompile>
    <ClCompile Include="Syn_Viper.cpp">
      <Filter>Source Files</Filter>
    </ClCompile>
    <ClCompile Include="Syn_Viper1.cpp">
      <Filter>Source Files</Filter>
    </ClCompile>
    <ClCompile Include="Syn_Viper2.cpp">
      <Filter>Source Files</Filter>
    </ClCompile>
    <ClCompile Include="Syn_Metallica.cpp">
      <Filter>Source Files</Filter>
    </ClCompile>
    <ClCompile Include="Syn_BinCodes.cpp">
      <Filter>Source Files</Filter>
    </ClCompile>
    <ClCompile Include="Syn_SPCCtrl.cpp">
      <Filter>Source Files</Filter>
    </ClCompile>
    <ClCompile Include="Syn_MPC04Ctrl.cpp">
      <Filter>Source Files</Filter>
    </ClCompile>
    <ClCompile Include="Syn_Site.cpp">
      <Filter>Source Files</Filter>
    </ClCompile>
    <ClCompile Include="Syn_DutCtrl.cpp">
      <Filter>Source Files</Filter>
    </ClCompile>
  </ItemGroup>
</Project>